<?xml version="1.0" encoding="utf-8"?>
<Project ToolsVersion="4.0" xmlns="http://schemas.microsoft.com/developer/msbuild/2003">
  <ItemGroup>
    <Filter Include="Database">
      <UniqueIdentifier>{0feea070-853f-4acc-bf6e-504743c11d0f}</UniqueIdentifier>
    </Filter>
    <Filter Include="User">
      <UniqueIdentifier>{ee26d329-0737-49ef-8639-ff69a1b11d33}</UniqueIdentifier>
    </Filter>
    <Filter Include="Auth">
      <UniqueIdentifier>{e7eb146d-2caf-4557-bf75-4d8b2e6c6b81}</UniqueIdentifier>
    </Filter>
    <Filter Include="DBFile">
      <UniqueIdentifier>{38d8a8f3-2f27-4f13-9dc7-224c9750ad39}</UniqueIdentifier>
    </Filter>
  </ItemGroup>
  <ItemGroup>
    <ClCompile Include="Database.cpp">
      <Filter>Database</Filter>
    </ClCompile>
    <ClCompile Include="User.cpp">
      <Filter>User</Filter>
    </ClCompile>
    <ClCompile Include="DBFile.cpp">
      <Filter>DBFile</Filter>
    </ClCompile>
    <ClCompile Include="Auth.cpp">
      <Filter>Auth</Filter>
    </ClCompile>
  </ItemGroup>
  <ItemGroup>
    <ClInclude Include="Database.h">
      <Filter>Database</Filter>
    </ClInclude>
    <ClInclude Include="User.h">
      <Filter>User</Filter>
    </ClInclude>
    <ClInclude Include="DBFile.h">
      <Filter>DBFile</Filter>
    </ClInclude>
    <ClInclude Include="Auth.h">
      <Filter>Auth</Filter>
    </ClInclude>
  </ItemGroup>
</Project>